
Microsoft Visual Studio Solution File, Format Version 12.00
# Visual Studio Version 16
VisualStudioVersion = 16.0.31515.178
MinimumVisualStudioVersion = 10.0.40219.1
Project("{FAE04EC0-301F-11D3-BF4B-00C04F79EFBC}") = "CBF_FaceRecognition", "CBF_FaceRecognition\CBF_FaceRecognition.csproj", "{00E1CEFB-5FBF-4A53-A6F6-1A42DA0BBD60}"
EndProject
Global
	GlobalSection(SolutionConfigurationPlatforms) = preSolution
		Debug|Any CPU = Debug|Any CPU
		Release|Any CPU = Release|Any CPU
	EndGlobalSection
	GlobalSection(ProjectConfigurationPlatforms) = postSolution
		{00E1CEFB-5FBF-4A53-A6F6-1A42DA0BBD60}.Debug|Any CPU.ActiveCfg = Debug|Any CPU
		{00E1CEFB-5FBF-4A53-A6F6-1A42DA0BBD60}.Debug|Any CPU.Build.0 = Debug|Any CPU
		{00E1CEFB-5FBF-4A53-A6F6-1A42DA0BBD60}.Release|Any CPU.ActiveCfg = Release|Any CPU
		{00E1CEFB-5FBF-4A53-A6F6-1A42DA0BBD60}.Release|Any CPU.Build.0 = Release|Any CPU
	EndGlobalSection
	GlobalSection(SolutionProperties) = preSolution
		HideSolutionNode = FALSE
	EndGlobalSection
	GlobalSection(ExtensibilityGlobals) = postSolution
		SolutionGuid = {3E940096-AA34-4286-9EF9-EC153086B206}
	EndGlobalSection
EndGlobal
